github.com/go-chi/chi/v5 v5.2.1 h1:KOIHODQj58PmL80G2Eak4WdvUzjSJSm0vG72crDCqb8=
github.com/go-chi/chi/v5 v5.2.1/go.mod h1:L2yAIGWB3H+phAw1NxKwWM+7eUH/lU8pOMm5hHcoops=
github.com/go-chi/cors v1.2.1 h1:xEC8UT3Rlp2QuWNEr4Fs/c2EAGVKBwy/1vHx3bppil4=
github.com/go-chi/cors v1.2.1/go.mod h1:sSbTewc+6wYHBBCW7ytsFSn836hqM7JxpglAy2Vzc58=
github.com/google/uuid v1.6.0 h1:NIvaJDMOsjHA8n1jAhLSgzrAzy1Hgr+hNrb57e+94F0=
github.com/google/uuid v1.6.0/go.mod h1:TIyPZe4MgqvfeYDBFedMoGGpEw/LqOeaOT+nhxU+yHo=
github.com/maxence-charriere/go-app/v10 v10.1.0 h1:DFWWOI3+Yoq4i3aSqO0QM/X53mtWdb75gNcFGpqd3bM=
github.com/maxence-charriere/go-app/v10 v10.1.0/go.mod h1:FqUW4on4nJewVfBnSkuxQd3fvtK2RdKS/z76OOUDAAY=
github.com/sethvargo/go-envconfig v1.1.1 h1:JDu8Q9baIzJf47NPkzhIB6aLYL0vQ+pPypoYrejS9QY=
github.com/sethvargo/go-envconfig v1.1.1/go.mod h1:JLd0KFWQYzyENqnEPWWZ49i4vzZo/6nRidxI8YvGiHw=
marwan.io/wasm-fetch v0.1.0 h1:0kKeCsry7IQfPmxj78FUWtO6qwXIaQqMmZbzbZz2rkw=
marwan.io/wasm-fetch v0.1.0/go.mod h1:PlaZmevjPJGIy/BaqMtVjUKvrA8CgrDh+aomnuhmTO8=
