github.com/google/uuid v1.6.0 h1:NIvaJDMOsjHA8n1jAhLSgzrAzy1Hgr+hNrb57e+94F0=
github.com/google/uuid v1.6.0/go.mod h1:TIyPZe4MgqvfeYDBFedMoGGpEw/LqOeaOT+nhxU+yHo=
github.com/maxence-charriere/go-app/v10 v10.0.9 h1:3gcPG4dE6UEGUc7tij13fE2qcB5UCYc7VQUuWtphQAk=
github.com/maxence-charriere/go-app/v10 v10.0.9/go.mod h1:VyjGLeTiK6hfAQ/Q5ZVcLbuJ9vOZhKcewSC/ZwI+6WM=
